
Microsoft Visual Studio Solution File, Format Version 12.00
Project("{FAE04EC0-301F-11D3-BF4B-00C04F79EFBC}") = "Shopping.Client", "Shopping.Client\Shopping.Client.csproj", "{6461AED9-660F-49DF-AF82-770CE542C0A5}"
EndProject
Global
	GlobalSection(SolutionConfigurationPlatforms) = preSolution
		Debug|Any CPU = Debug|Any CPU
		Release|Any CPU = Release|Any CPU
	EndGlobalSection
	GlobalSection(ProjectConfigurationPlatforms) = postSolution
		{6461AED9-660F-49DF-AF82-770CE542C0A5}.Debug|Any CPU.ActiveCfg = Debug|Any CPU
		{6461AED9-660F-49DF-AF82-770CE542C0A5}.Debug|Any CPU.Build.0 = Debug|Any CPU
		{6461AED9-660F-49DF-AF82-770CE542C0A5}.Release|Any CPU.ActiveCfg = Release|Any CPU
		{6461AED9-660F-49DF-AF82-770CE542C0A5}.Release|Any CPU.Build.0 = Release|Any CPU
	EndGlobalSection
EndGlobal
